
Microsoft Visual Studio Solution File, Format Version 12.00
# Visual Studio Version 16
VisualStudioVersion = 16.0.28803.156
MinimumVisualStudioVersion = 10.0.40219.1
Project("{9A19103F-16F7-4668-BE54-9A1E7A4F7556}") = "WebApplication1", "WebApplication1.csproj", "{B551F636-E269-43FC-987F-882332CF8280}"
EndProject
Global
	GlobalSection(SolutionConfigurationPlatforms) = preSolution
		Debug|Any CPU = Debug|Any CPU
		Release|Any CPU = Release|Any CPU
	EndGlobalSection
	GlobalSection(ProjectConfigurationPlatforms) = postSolution
		{B551F636-E269-43FC-987F-882332CF8280}.Debug|Any CPU.ActiveCfg = Debug|Any CPU
		{B551F636-E269-43FC-987F-882332CF8280}.Debug|Any CPU.Build.0 = Debug|Any CPU
		{B551F636-E269-43FC-987F-882332CF8280}.Release|Any CPU.ActiveCfg = Release|Any CPU
		{B551F636-E269-43FC-987F-882332CF8280}.Release|Any CPU.Build.0 = Release|Any CPU
	EndGlobalSection
	GlobalSection(SolutionProperties) = preSolution
		HideSolutionNode = FALSE
	EndGlobalSection
	GlobalSection(ExtensibilityGlobals) = postSolution
		SolutionGuid = {E897D7A9-C12A-4CC3-A4C5-63C9310A0269}
	EndGlobalSection
EndGlobal
